Microsoft Visual Studio Solution File, Format Version 12.00
# Visual Studio Version 16
VisualStudioVersion = 16.0.30011.22
MinimumVisualStudioVersion = 10.0.40219.1
Project("{FAE04EC0-301F-11D3-BF4B-00C04F79EFBC}") = "Covid19App.Android", "Covid19App.Android\Covid19App.Android.csproj", "{54EB20E4-8FA4-4DDF-9E47-60DDEC8269ED}"
EndProject
Project("{FAE04EC0-301F-11D3-BF4B-00C04F79EFBC}") = "Covid19App.iOS", "Covid19App.iOS\Covid19App.iOS.csproj", "{2FC42F99-84BB-4176-969F-4D2773FB3DBE}"
EndProject
Project("{9A19103F-16F7-4668-BE54-9A1E7A4F7556}") = "Covid19App.Shared", "Covid19App.Shared\Covid19App.Shared.csproj", "{119AF5F2-F319-46AE-A5D7-A563AE5CB3E9}"
EndProject
Global
	GlobalSection(SolutionConfigurationPlatforms) = preSolution
		Debug|Any CPU = Debug|Any CPU
		Debug|iPhone = Debug|iPhone
		Debug|iPhoneSimulator = Debug|iPhoneSimulator
		Release|Any CPU = Release|Any CPU
		Release|iPhone = Release|iPhone
		Release|iPhoneSimulator = Release|iPhoneSimulator
	EndGlobalSection
	GlobalSection(ProjectConfigurationPlatforms) = postSolution
		{54EB20E4-8FA4-4DDF-9E47-60DDEC8269ED}.Debug|Any CPU.ActiveCfg = Debug|Any CPU
		{54EB20E4-8FA4-4DDF-9E47-60DDEC8269ED}.Debug|Any CPU.Build.0 = Debug|Any CPU
		{54EB20E4-8FA4-4DDF-9E47-60DDEC8269ED}.Debug|Any CPU.Deploy.0 = Debug|Any CPU
		{54EB20E4-8FA4-4DDF-9E47-60DDEC8269ED}.Debug|iPhone.ActiveCfg = Debug|Any CPU
		{54EB20E4-8FA4-4DDF-9E47-60DDEC8269ED}.Debug|iPhone.Build.0 = Debug|Any CPU
		{54EB20E4-8FA4-4DDF-9E47-60DDEC8269ED}.Debug|iPhoneSimulator.ActiveCfg = Debug|Any CPU
		{54EB20E4-8FA4-4DDF-9E47-60DDEC8269ED}.Debug|iPhoneSimulator.Build.0 = Debug|Any CPU
		{54EB20E4-8FA4-4DDF-9E47-60DDEC8269ED}.Release|Any CPU.ActiveCfg = Release|Any CPU
		{54EB20E4-8FA4-4DDF-9E47-60DDEC8269ED}.Release|Any CPU.Build.0 = Release|Any CPU
		{54EB20E4-8FA4-4DDF-9E47-60DDEC8269ED}.Release|iPhone.ActiveCfg = Release|Any CPU
		{54EB20E4-8FA4-4DDF-9E47-60DDEC8269ED}.Release|iPhone.Build.0 = Release|Any CPU
		{54EB20E4-8FA4-4DDF-9E47-60DDEC8269ED}.Release|iPhoneSimulator.ActiveCfg = Release|Any CPU
		{54EB20E4-8FA4-4DDF-9E47-60DDEC8269ED}.Release|iPhoneSimulator.Build.0 = Release|Any CPU
		{2FC42F99-84BB-4176-969F-4D2773FB3DBE}.Debug|Any CPU.ActiveCfg = Debug|iPhoneSimulator
		{2FC42F99-84BB-4176-969F-4D2773FB3DBE}.Debug|Any CPU.Build.0 = Debug|iPhoneSimulator
		{2FC42F99-84BB-4176-969F-4D2773FB3DBE}.Debug|iPhone.ActiveCfg = Debug|iPhone
		{2FC42F99-84BB-4176-969F-4D2773FB3DBE}.Debug|iPhone.Build.0 = Debug|iPhone
		{2FC42F99-84BB-4176-969F-4D2773FB3DBE}.Debug|iPhoneSimulator.ActiveCfg = Debug|iPhoneSimulator
		{2FC42F99-84BB-4176-969F-4D2773FB3DBE}.Debug|iPhoneSimulator.Build.0 = Debug|iPhoneSimulator
		{2FC42F99-84BB-4176-969F-4D2773FB3DBE}.Release|Any CPU.ActiveCfg = Release|iPhoneSimulator
		{2FC42F99-84BB-4176-969F-4D2773FB3DBE}.Release|Any CPU.Build.0 = Release|iPhoneSimulator
		{2FC42F99-84BB-4176-969F-4D2773FB3DBE}.Release|iPhone.ActiveCfg = Release|iPhone
		{2FC42F99-84BB-4176-969F-4D2773FB3DBE}.Release|iPhone.Build.0 = Release|iPhone
		{2FC42F99-84BB-4176-969F-4D2773FB3DBE}.Release|iPhoneSimulator.ActiveCfg = Release|iPhoneSimulator
		{2FC42F99-84BB-4176-969F-4D2773FB3DBE}.Release|iPhoneSimulator.Build.0 = Release|iPhoneSimulator
		{119AF5F2-F319-46AE-A5D7-A563AE5CB3E9}.Debug|Any CPU.ActiveCfg = Debug|Any CPU
		{119AF5F2-F319-46AE-A5D7-A563AE5CB3E9}.Debug|Any CPU.Build.0 = Debug|Any CPU
		{119AF5F2-F319-46AE-A5D7-A563AE5CB3E9}.Debug|iPhone.ActiveCfg = Debug|Any CPU
		{119AF5F2-F319-46AE-A5D7-A563AE5CB3E9}.Debug|iPhone.Build.0 = Debug|Any CPU
		{119AF5F2-F319-46AE-A5D7-A563AE5CB3E9}.Debug|iPhoneSimulator.ActiveCfg = Debug|Any CPU
		{119AF5F2-F319-46AE-A5D7-A563AE5CB3E9}.Debug|iPhoneSimulator.Build.0 = Debug|Any CPU
		{119AF5F2-F319-46AE-A5D7-A563AE5CB3E9}.Release|Any CPU.ActiveCfg = Release|Any CPU
		{119AF5F2-F319-46AE-A5D7-A563AE5CB3E9}.Release|Any CPU.Build.0 = Release|Any CPU
		{119AF5F2-F319-46AE-A5D7-A563AE5CB3E9}.Release|iPhone.ActiveCfg = Release|Any CPU
		{119AF5F2-F319-46AE-A5D7-A563AE5CB3E9}.Release|iPhone.Build.0 = Release|Any CPU
		{119AF5F2-F319-46AE-A5D7-A563AE5CB3E9}.Release|iPhoneSimulator.ActiveCfg = Release|Any CPU
		{119AF5F2-F319-46AE-A5D7-A563AE5CB3E9}.Release|iPhoneSimulator.Build.0 = Release|Any CPU
	EndGlobalSection
	GlobalSection(SolutionProperties) = preSolution
		HideSolutionNode = FALSE
	EndGlobalSection
	GlobalSection(ExtensibilityGlobals) = postSolution
		SolutionGuid = {5AE2647B-2853-47C0-87DF-DCE87FDA86FF}
	EndGlobalSection
EndGlobal
